
Microsoft Visual Studio Solution File, Format Version 12.00
# Visual Studio 15
VisualStudioVersion = 15.0.27703.2026
MinimumVisualStudioVersion = 10.0.40219.1
Project("{FAE04EC0-301F-11D3-BF4B-00C04F79EFBC}") = "IpAddressValidation.Test", "IpAddressValidation.Test\IpAddressValidation.Test.csproj", "{FC8FBF69-10F2-4C74-8208-F1841C56A8FE}"
EndProject
Project("{FAE04EC0-301F-11D3-BF4B-00C04F79EFBC}") = "IpAddressValidation.Logic", "IpAddressValidation.Logic\IpAddressValidation.Logic.csproj", "{53951498-82AE-47FA-B7A6-065ADB0FA191}"
EndProject
Global
	GlobalSection(SolutionConfigurationPlatforms) = preSolution
		Debug|Any CPU = Debug|Any CPU
		Release|Any CPU = Release|Any CPU
	EndGlobalSection
	GlobalSection(ProjectConfigurationPlatforms) = postSolution
		{FC8FBF69-10F2-4C74-8208-F1841C56A8FE}.Debug|Any CPU.ActiveCfg = Debug|Any CPU
		{FC8FBF69-10F2-4C74-8208-F1841C56A8FE}.Debug|Any CPU.Build.0 = Debug|Any CPU
		{FC8FBF69-10F2-4C74-8208-F1841C56A8FE}.Release|Any CPU.ActiveCfg = Release|Any CPU
		{FC8FBF69-10F2-4C74-8208-F1841C56A8FE}.Release|Any CPU.Build.0 = Release|Any CPU
		{53951498-82AE-47FA-B7A6-065ADB0FA191}.Debug|Any CPU.ActiveCfg = Debug|Any CPU
		{53951498-82AE-47FA-B7A6-065ADB0FA191}.Debug|Any CPU.Build.0 = Debug|Any CPU
		{53951498-82AE-47FA-B7A6-065ADB0FA191}.Release|Any CPU.ActiveCfg = Release|Any CPU
		{53951498-82AE-47FA-B7A6-065ADB0FA191}.Release|Any CPU.Build.0 = Release|Any CPU
	EndGlobalSection
	GlobalSection(SolutionProperties) = preSolution
		HideSolutionNode = FALSE
	EndGlobalSection
	GlobalSection(ExtensibilityGlobals) = postSolution
		SolutionGuid = {470F5E53-B992-4325-B6E1-31B149052103}
	EndGlobalSection
EndGlobal
